
Microsoft Visual Studio Solution File, Format Version 12.00
# Visual Studio 15
VisualStudioVersion = 15.0.28107.0
MinimumVisualStudioVersion = 10.0.40219.1
Project("{FAE04EC0-301F-11D3-BF4B-00C04F79EFBC}") = "OTS.AuthCenter", "OTS.AuthCenter\OTS.AuthCenter.csproj", "{42356D5C-4876-4333-916F-8E376DCCBDEA}"
EndProject
Global
	GlobalSection(SolutionConfigurationPlatforms) = preSolution
		Debug|Any CPU = Debug|Any CPU
		Release|Any CPU = Release|Any CPU
	EndGlobalSection
	GlobalSection(ProjectConfigurationPlatforms) = postSolution
		{42356D5C-4876-4333-916F-8E376DCCBDEA}.Debug|Any CPU.ActiveCfg = Debug|Any CPU
		{42356D5C-4876-4333-916F-8E376DCCBDEA}.Debug|Any CPU.Build.0 = Debug|Any CPU
		{42356D5C-4876-4333-916F-8E376DCCBDEA}.Release|Any CPU.ActiveCfg = Release|Any CPU
		{42356D5C-4876-4333-916F-8E376DCCBDEA}.Release|Any CPU.Build.0 = Release|Any CPU
	EndGlobalSection
	GlobalSection(SolutionProperties) = preSolution
		HideSolutionNode = FALSE
	EndGlobalSection
	GlobalSection(ExtensibilityGlobals) = postSolution
		SolutionGuid = {54AA72BC-B90D-45FE-B461-688792A62436}
	EndGlobalSection
EndGlobal
